// !$*UTF8*$!
{
	archiveVersion = 1;
	classes = {
	};
	objectVersion = 50;
	objects = {

/* Begin PBXBuildFile section */
		84B5974A2533C7C700BF340B /* AppDelegate.swift in Sources */ = {isa = PBXBuildFile; fileRef = 84B597492533C7C700BF340B /* AppDelegate.swift */; };
		84B5974C2533C7C700BF340B /* SceneDelegate.swift in Sources */ = {isa = PBXBuildFile; fileRef = 84B5974B2533C7C700BF340B /* SceneDelegate.swift */; };
		84B5974E2533C7C700BF340B /* ContentView.swift in Sources */ = {isa = PBXBuildFile; fileRef = 84B5974D2533C7C700BF340B /* ContentView.swift */; };
		84B597502533C7CB00BF340B /* Assets.xcassets in Resources */ = {isa = PBXBuildFile; fileRef = 84B5974F2533C7CB00BF340B /* Assets.xcassets */; };
		84B597532533C7CB00BF340B /* Preview Assets.xcassets in Resources */ = {isa = PBXBuildFile; fileRef = 84B597522533C7CB00BF340B /* Preview Assets.xcassets */; };
		84B597562533C7CB00BF340B /* LaunchScreen.storyboard in Resources */ = {isa = PBXBuildFile; fileRef = 84B597542533C7CB00BF340B /* LaunchScreen.storyboard */; };
		84B5975E2533C81900BF340B /* GitHubRemoteService.swift in Sources */ = {isa = PBXBuildFile; fileRef = 84B5975D2533C81900BF340B /* GitHubRemoteService.swift */; };
		84B597602533C9BB00BF340B /* CommitResponseEntity.swift in Sources */ = {isa = PBXBuildFile; fileRef = 84B5975F2533C9BB00BF340B /* CommitResponseEntity.swift */; };
		84B597622533D30500BF340B /* Contracts.swift in Sources */ = {isa = PBXBuildFile; fileRef = 84B597612533D30500BF340B /* Contracts.swift */; };
		84B597642533E68200BF340B /* ListOfCommitsView.swift in Sources */ = {isa = PBXBuildFile; fileRef = 84B597632533E68200BF340B /* ListOfCommitsView.swift */; };
		84B597662533E83300BF340B /* CommitPresenter.swift in Sources */ = {isa = PBXBuildFile; fileRef = 84B597652533E83300BF340B /* CommitPresenter.swift */; };
		84B597682533E89E00BF340B /* CommitInteractor.swift in Sources */ = {isa = PBXBuildFile; fileRef = 84B597672533E89E00BF340B /* CommitInteractor.swift */; };
		84B5976A2534808900BF340B /* GetCommit.storyboard in Resources */ = {isa = PBXBuildFile; fileRef = 84B597692534808900BF340B /* GetCommit.storyboard */; };
		84B5976C253480A600BF340B /* GitCommitViewController.swift in Sources */ = {isa = PBXBuildFile; fileRef = 84B5976B253480A600BF340B /* GitCommitViewController.swift */; };
/* End PBXBuildFile section */

/* Begin PBXFileReference section */
		84B597462533C7C700BF340B /* GSeeGM.app */ = {isa = PBXFileReference; explicitFileType = wrapper.application; includeInIndex = 0; path = GSeeGM.app; sourceTree = BUILT_PRODUCTS_DIR; };
		84B597492533C7C700BF340B /* AppDelegate.swift */ = {isa = PBXFileReference; lastKnownFileType = sourcecode.swift; path = AppDelegate.swift; sourceTree = "<group>"; };
		84B5974B2533C7C700BF340B /* SceneDelegate.swift */ = {isa = PBXFileReference; lastKnownFileType = sourcecode.swift; path = SceneDelegate.swift; sourceTree = "<group>"; };
		84B5974D2533C7C700BF340B /* ContentView.swift */ = {isa = PBXFileReference; lastKnownFileType = sourcecode.swift; path = ContentView.swift; sourceTree = "<group>"; };
		84B5974F2533C7CB00BF340B /* Assets.xcassets */ = {isa = PBXFileReference; lastKnownFileType = folder.assetcatalog; path = Assets.xcassets; sourceTree = "<group>"; };
		84B597522533C7CB00BF340B /* Preview Assets.xcassets */ = {isa = PBXFileReference; lastKnownFileType = folder.assetcatalog; path = "Preview Assets.xcassets"; sourceTree = "<group>"; };
		84B597552533C7CB00BF340B /* Base */ = {isa = PBXFileReference; lastKnownFileType = file.storyboard; name = Base; path = Base.lproj/LaunchScreen.storyboard; sourceTree = "<group>"; };
		84B597572533C7CB00BF340B /* Info.plist */ = {isa = PBXFileReference; lastKnownFileType = text.plist.xml; path = Info.plist; sourceTree = "<group>"; };
		84B5975D2533C81900BF340B /* GitHubRemoteService.swift */ = {isa = PBXFileReference; lastKnownFileType = sourcecode.swift; path = GitHubRemoteService.swift; sourceTree = "<group>"; };
		84B5975F2533C9BB00BF340B /* CommitResponseEntity.swift */ = {isa = PBXFileReference; lastKnownFileType = sourcecode.swift; path = CommitResponseEntity.swift; sourceTree = "<group>"; };
		84B597612533D30500BF340B /* Contracts.swift */ = {isa = PBXFileReference; lastKnownFileType = sourcecode.swift; path = Contracts.swift; sourceTree = "<group>"; };
		84B597632533E68200BF340B /* ListOfCommitsView.swift */ = {isa = PBXFileReference; lastKnownFileType = sourcecode.swift; path = ListOfCommitsView.swift; sourceTree = "<group>"; };
		84B597652533E83300BF340B /* CommitPresenter.swift */ = {isa = PBXFileReference; lastKnownFileType = sourcecode.swift; path = CommitPresenter.swift; sourceTree = "<group>"; };
		84B597672533E89E00BF340B /* CommitInteractor.swift */ = {isa = PBXFileReference; lastKnownFileType = sourcecode.swift; path = CommitInteractor.swift; sourceTree = "<group>"; };
		84B597692534808900BF340B /* GetCommit.storyboard */ = {isa = PBXFileReference; lastKnownFileType = file.storyboard; path = GetCommit.storyboard; sourceTree = "<group>"; };
		84B5976B253480A600BF340B /* GitCommitViewController.swift */ = {isa = PBXFileReference; lastKnownFileType = sourcecode.swift; path = GitCommitViewController.swift; sourceTree = "<group>"; };
/* End PBXFileReference section */

/* Begin PBXFrameworksBuildPhase section */
		84B597432533C7C700BF340B /* Frameworks */ = {
			isa = PBXFrameworksBuildPhase;
			buildActionMask = 2147483647;
			files = (
			);
			runOnlyForDeploymentPostprocessing = 0;
		};
/* End PBXFrameworksBuildPhase section */

/* Begin PBXGroup section */
		84579D2825349B6900AB87AD /* Views */ = {
			isa = PBXGroup;
			children = (
				84B597692534808900BF340B /* GetCommit.storyboard */,
				84B5976B253480A600BF340B /* GitCommitViewController.swift */,
				84B597632533E68200BF340B /* ListOfCommitsView.swift */,
				84B5974D2533C7C700BF340B /* ContentView.swift */,
			);
			path = Views;
			sourceTree = "<group>";
		};
		84B5973D2533C7C700BF340B = {
			isa = PBXGroup;
			children = (
				84B597482533C7C700BF340B /* GSeeGM */,
				84B597472533C7C700BF340B /* Products */,
			);
			sourceTree = "<group>";
		};
		84B597472533C7C700BF340B /* Products */ = {
			isa = PBXGroup;
			children = (
				84B597462533C7C700BF340B /* GSeeGM.app */,
			);
			name = Products;
			sourceTree = "<group>";
		};
		84B597482533C7C700BF340B /* GSeeGM */ = {
			isa = PBXGroup;
			children = (
				84B597492533C7C700BF340B /* AppDelegate.swift */,
				84B5974B2533C7C700BF340B /* SceneDelegate.swift */,
				84B5975D2533C81900BF340B /* GitHubRemoteService.swift */,
				84B597612533D30500BF340B /* Contracts.swift */,
				84579D2825349B6900AB87AD /* Views */,
				84B597652533E83300BF340B /* CommitPresenter.swift */,
				84B597672533E89E00BF340B /* CommitInteractor.swift */,
				84B5975F2533C9BB00BF340B /* CommitResponseEntity.swift */,
				84B5974F2533C7CB00BF340B /* Assets.xcassets */,
				84B597542533C7CB00BF340B /* LaunchScreen.storyboard */,
				84B597572533C7CB00BF340B /* Info.plist */,
				84B597512533C7CB00BF340B /* Preview Content */,
			);
			path = GSeeGM;
			sourceTree = "<group>";
		};
		84B597512533C7CB00BF340B /* Preview Content */ = {
			isa = PBXGroup;
			children = (
				84B597522533C7CB00BF340B /* Preview Assets.xcassets */,
			);
			path = "Preview Content";
			sourceTree = "<group>";
		};
/* End PBXGroup section */

/* Begin PBXNativeTarget section */
		84B597452533C7C700BF340B /* GSeeGM */ = {
			isa = PBXNativeTarget;
			buildConfigurationList = 84B5975A2533C7CB00BF340B /* Build configuration list for PBXNativeTarget "GSeeGM" */;
			buildPhases = (
				84B597422533C7C700BF340B /* Sources */,
				84B597432533C7C700BF340B /* Frameworks */,
				84B597442533C7C700BF340B /* Resources */,
			);
			buildRules = (
			);
			dependencies = (
			);
			name = GSeeGM;
			productName = GSeeGM;
			productReference = 84B597462533C7C700BF340B /* GSeeGM.app */;
			productType = "com.apple.product-type.application";
		};
/* End PBXNativeTarget section */

/* Begin PBXProject section */
		84B5973E2533C7C700BF340B /* Project object */ = {
			isa = PBXProject;
			attributes = {
				LastSwiftUpdateCheck = 1160;
				LastUpgradeCheck = 1160;
				ORGANIZATIONNAME = Nasi;
				TargetAttributes = {
					84B597452533C7C700BF340B = {
						CreatedOnToolsVersion = 11.6;
					};
				};
			};
			buildConfigurationList = 84B597412533C7C700BF340B /* Build configuration list for PBXProject "GSeeGM" */;
			compatibilityVersion = "Xcode 9.3";
			developmentRegion = en;
			hasScannedForEncodings = 0;
			knownRegions = (
				en,
				Base,
			);
			mainGroup = 84B5973D2533C7C700BF340B;
			productRefGroup = 84B597472533C7C700BF340B /* Products */;
			projectDirPath = "";
			projectRoot = "";
			targets = (
				84B597452533C7C700BF340B /* GSeeGM */,
			);
		};
/* End PBXProject section */

/* Begin PBXResourcesBuildPhase section */
		84B597442533C7C700BF340B /* Resources */ = {
			isa = PBXResourcesBuildPhase;
			buildActionMask = 2147483647;
			files = (
				84B5976A2534808900BF340B /* GetCommit.storyboard in Resources */,
				84B597562533C7CB00BF340B /* LaunchScreen.storyboard in Resources */,
				84B597532533C7CB00BF340B /* Preview Assets.xcassets in Resources */,
				84B597502533C7CB00BF340B /* Assets.xcassets in Resources */,
			);
			runOnlyForDeploymentPostprocessing = 0;
		};
/* End PBXResourcesBuildPhase section */

/* Begin PBXSourcesBuildPhase section */
		84B597422533C7C700BF340B /* Sources */ = {
			isa = PBXSourcesBuildPhase;
			buildActionMask = 2147483647;
			files = (
				84B597682533E89E00BF340B /* CommitInteractor.swift in Sources */,
				84B5975E2533C81900BF340B /* GitHubRemoteService.swift in Sources */,
				84B5976C253480A600BF340B /* GitCommitViewController.swift in Sources */,
				84B597662533E83300BF340B /* CommitPresenter.swift in Sources */,
				84B5974A2533C7C700BF340B /* AppDelegate.swift in Sources */,
				84B597602533C9BB00BF340B /* CommitResponseEntity.swift in Sources */,
				84B597642533E68200BF340B /* ListOfCommitsView.swift in Sources */,
				84B5974C2533C7C700BF340B /* SceneDelegate.swift in Sources */,
				84B5974E2533C7C700BF340B /* ContentView.swift in Sources */,
				84B597622533D30500BF340B /* Contracts.swift in Sources */,
			);
			runOnlyForDeploymentPostprocessing = 0;
		};
/* End PBXSourcesBuildPhase section */

/* Begin PBXVariantGroup section */
		84B597542533C7CB00BF340B /* LaunchScreen.storyboard */ = {
			isa = PBXVariantGroup;
			children = (
				84B597552533C7CB00BF340B /* Base */,
			);
			name = LaunchScreen.storyboard;
			sourceTree = "<group>";
		};
/* End PBXVariantGroup section */

/* Begin XCBuildConfiguration section */
		84B597582533C7CB00BF340B /* Debug */ = {
			isa = XCBuildConfiguration;
			buildSettings = {
				ALWAYS_SEARCH_USER_PATHS = NO;
				CLANG_ANALYZER_NONNULL = YES;
				CLANG_ANALYZER_NUMBER_OBJECT_CONVERSION = YES_AGGRESSIVE;
				CLANG_CXX_LANGUAGE_STANDARD = "gnu++14";
				CLANG_CXX_LIBRARY = "libc++";
				CLANG_ENABLE_MODULES = YES;
				CLANG_ENABLE_OBJC_ARC = YES;
				CLANG_ENABLE_OBJC_WEAK = YES;
				CLANG_WARN_BLOCK_CAPTURE_AUTORELEASING = YES;
				CLANG_WARN_BOOL_CONVERSION = YES;
				CLANG_WARN_COMMA = YES;
				CLANG_WARN_CONSTANT_CONVERSION = YES;
				CLANG_WARN_DEPRECATED_OBJC_IMPLEMENTATIONS = YES;
				CLANG_WARN_DIRECT_OBJC_ISA_USAGE = YES_ERROR;
				CLANG_WARN_DOCUMENTATION_COMMENTS = YES;
				CLANG_WARN_EMPTY_BODY = YES;
				CLANG_WARN_ENUM_CONVERSION = YES;
				CLANG_WARN_INFINITE_RECURSION = YES;
				CLANG_WARN_INT_CONVERSION = YES;
				CLANG_WARN_NON_LITERAL_NULL_CONVERSION = YES;
				CLANG_WARN_OBJC_IMPLICIT_RETAIN_SELF = YES;
				CLANG_WARN_OBJC_LITERAL_CONVERSION = YES;
				CLANG_WARN_OBJC_ROOT_CLASS = YES_ERROR;
				CLANG_WARN_RANGE_LOOP_ANALYSIS = YES;
				CLANG_WARN_STRICT_PROTOTYPES = YES;
				CLANG_WARN_SUSPICIOUS_MOVE = YES;
				CLANG_WARN_UNGUARDED_AVAILABILITY = YES_AGGRESSIVE;
				CLANG_WARN_UNREACHABLE_CODE = YES;
				CLANG_WARN__DUPLICATE_METHOD_MATCH = YES;
				COPY_PHASE_STRIP = NO;
				DEBUG_INFORMATION_FORMAT = dwarf;
				ENABLE_STRICT_OBJC_MSGSEND = YES;
				ENABLE_TESTABILITY = YES;
				GCC_C_LANGUAGE_STANDARD = gnu11;
				GCC_DYNAMIC_NO_PIC = NO;
				GCC_NO_COMMON_BLOCKS = YES;
				GCC_OPTIMIZATION_LEVEL = 0;
				GCC_PREPROCESSOR_DEFINITIONS = (
					"DEBUG=1",
					"$(inherited)",
				);
				GCC_WARN_64_TO_32_BIT_CONVERSION = YES;
				GCC_WARN_ABOUT_RETURN_TYPE = YES_ERROR;
				GCC_WARN_UNDECLARED_SELECTOR = YES;
				GCC_WARN_UNINITIALIZED_AUTOS = YES_AGGRESSIVE;
				GCC_WARN_UNUSED_FUNCTION = YES;
				GCC_WARN_UNUSED_VARIABLE = YES;
				IPHONEOS_DEPLOYMENT_TARGET = 13.6;
				MTL_ENABLE_DEBUG_INFO = INCLUDE_SOURCE;
				MTL_FAST_MATH = YES;
				ONLY_ACTIVE_ARCH = YES;
				SDKROOT = iphoneos;
				SWIFT_ACTIVE_COMPILATION_CONDITIONS = DEBUG;
				SWIFT_OPTIMIZATION_LEVEL = "-Onone";
			};
			name = Debug;
		};
		84B597592533C7CB00BF340B /* Release */ = {
			isa = XCBuildConfiguration;
			buildSettings = {
				ALWAYS_SEARCH_USER_PATHS = NO;
				CLANG_ANALYZER_NONNULL = YES;
				CLANG_ANALYZER_NUMBER_OBJECT_CONVERSION = YES_AGGRESSIVE;
				CLANG_CXX_LANGUAGE_STANDARD = "gnu++14";
				CLANG_CXX_LIBRARY = "libc++";
				CLANG_ENABLE_MODULES = YES;
				CLANG_ENABLE_OBJC_ARC = YES;
				CLANG_ENABLE_OBJC_WEAK = YES;
				CLANG_WARN_BLOCK_CAPTURE_AUTORELEASING = YES;
				CLANG_WARN_BOOL_CONVERSION = YES;
				CLANG_WARN_COMMA = YES;
				CLANG_WARN_CONSTANT_CONVERSION = YES;
				CLANG_WARN_DEPRECATED_OBJC_IMPLEMENTATIONS = YES;
				CLANG_WARN_DIRECT_OBJC_ISA_USAGE = YES_ERROR;
				CLANG_WARN_DOCUMENTATION_COMMENTS = YES;
				CLANG_WARN_EMPTY_BODY = YES;
				CLANG_WARN_ENUM_CONVERSION = YES;
				CLANG_WARN_INFINITE_RECURSION = YES;
				CLANG_WARN_INT_CONVERSION = YES;
				CLANG_WARN_NON_LITERAL_NULL_CONVERSION = YES;
				CLANG_WARN_OBJC_IMPLICIT_RETAIN_SELF = YES;
				CLANG_WARN_OBJC_LITERAL_CONVERSION = YES;
				CLANG_WARN_OBJC_ROOT_CLASS = YES_ERROR;
				CLANG_WARN_RANGE_LOOP_ANALYSIS = YES;
				CLANG_WARN_STRICT_PROTOTYPES = YES;
				CLANG_WARN_SUSPICIOUS_MOVE = YES;
				CLANG_WARN_UNGUARDED_AVAILABILITY = YES_AGGRESSIVE;
				CLANG_WARN_UNREACHABLE_CODE = YES;
				CLANG_WARN__DUPLICATE_METHOD_MATCH = YES;
				COPY_PHASE_STRIP = NO;
				DEBUG_INFORMATION_FORMAT = "dwarf-with-dsym";
				ENABLE_NS_ASSERTIONS = NO;
				ENABLE_STRICT_OBJC_MSGSEND = YES;
				GCC_C_LANGUAGE_STANDARD = gnu11;
				GCC_NO_COMMON_BLOCKS = YES;
				GCC_WARN_64_TO_32_BIT_CONVERSION = YES;
				GCC_WARN_ABOUT_RETURN_TYPE = YES_ERROR;
				GCC_WARN_UNDECLARED_SELECTOR = YES;
				GCC_WARN_UNINITIALIZED_AUTOS = YES_AGGRESSIVE;
				GCC_WARN_UNUSED_FUNCTION = YES;
				GCC_WARN_UNUSED_VARIABLE = YES;
				IPHONEOS_DEPLOYMENT_TARGET = 13.6;
				MTL_ENABLE_DEBUG_INFO = NO;
				MTL_FAST_MATH = YES;
				SDKROOT = iphoneos;
				SWIFT_COMPILATION_MODE = wholemodule;
				SWIFT_OPTIMIZATION_LEVEL = "-O";
				VALIDATE_PRODUCT = YES;
			};
			name = Release;
		};
		84B5975B2533C7CB00BF340B /* Debug */ = {
			isa = XCBuildConfiguration;
			buildSettings = {
				ASSETCATALOG_COMPILER_APPICON_NAME = AppIcon;
				CODE_SIGN_STYLE = Automatic;
				DEVELOPMENT_ASSET_PATHS = "\"GSeeGM/Preview Content\"";
				DEVELOPMENT_TEAM = 84Z8ZTG4SV;
				ENABLE_PREVIEWS = YES;
				INFOPLIST_FILE = GSeeGM/Info.plist;
				LD_RUNPATH_SEARCH_PATHS = (
					"$(inherited)",
					"@executable_path/Frameworks",
				);
				PRODUCT_BUNDLE_IDENTIFIER = com.nas.GSeeGM;
				PRODUCT_NAME = "$(TARGET_NAME)";
				SWIFT_VERSION = 5.0;
				TARGETED_DEVICE_FAMILY = "1,2";
			};
			name = Debug;
		};
		84B5975C2533C7CB00BF340B /* Release */ = {
			isa = XCBuildConfiguration;
			buildSettings = {
				ASSETCATALOG_COMPILER_APPICON_NAME = AppIcon;
				CODE_SIGN_STYLE = Automatic;
				DEVELOPMENT_ASSET_PATHS = "\"GSeeGM/Preview Content\"";
				DEVELOPMENT_TEAM = 84Z8ZTG4SV;
				ENABLE_PREVIEWS = YES;
				INFOPLIST_FILE = GSeeGM/Info.plist;
				LD_RUNPATH_SEARCH_PATHS = (
					"$(inherited)",
					"@executable_path/Frameworks",
				);
				PRODUCT_BUNDLE_IDENTIFIER = com.nas.GSeeGM;
				PRODUCT_NAME = "$(TARGET_NAME)";
				SWIFT_VERSION = 5.0;
				TARGETED_DEVICE_FAMILY = "1,2";
			};
			name = Release;
		};
/* End XCBuildConfiguration section */

/* Begin XCConfigurationList section */
		84B597412533C7C700BF340B /* Build configuration list for PBXProject "GSeeGM" */ = {
			isa = XCConfigurationList;
			buildConfigurations = (
				84B597582533C7CB00BF340B /* Debug */,
				84B597592533C7CB00BF340B /* Release */,
			);
			defaultConfigurationIsVisible = 0;
			defaultConfigurationName = Release;
		};
		84B5975A2533C7CB00BF340B /* Build configuration list for PBXNativeTarget "GSeeGM" */ = {
			isa = XCConfigurationList;
			buildConfigurations = (
				84B5975B2533C7CB00BF340B /* Debug */,
				84B5975C2533C7CB00BF340B /* Release */,
			);
			defaultConfigurationIsVisible = 0;
			defaultConfigurationName = Release;
		};
/* End XCConfigurationList section */
	};
	rootObject = 84B5973E2533C7C700BF340B /* Project object */;
}
